
Microsoft Visual Studio Solution File, Format Version 12.00
# Visual Studio Version 16
VisualStudioVersion = 16.0.29403.142
MinimumVisualStudioVersion = 10.0.40219.1
Project("{FAE04EC0-301F-11D3-BF4B-00C04F79EFBC}") = "Hotel", "Hotel\Hotel.csproj", "{C075E88D-3D4D-45EF-AEA4-735406D269FB}"
EndProject
Project("{FAE04EC0-301F-11D3-BF4B-00C04F79EFBC}") = "Clients", "Clients\Clients.csproj", "{982DE38E-9B47-4790-A732-2A33EA6678F0}"
EndProject
Project("{FAE04EC0-301F-11D3-BF4B-00C04F79EFBC}") = "Program", "Program\Program.csproj", "{5B53159E-4222-4673-A93B-87B6D09094DD}"
EndProject
Global
	GlobalSection(SolutionConfigurationPlatforms) = preSolution
		Debug|Any CPU = Debug|Any CPU
		Release|Any CPU = Release|Any CPU
	EndGlobalSection
	GlobalSection(ProjectConfigurationPlatforms) = postSolution
		{C075E88D-3D4D-45EF-AEA4-735406D269FB}.Debug|Any CPU.ActiveCfg = Debug|Any CPU
		{C075E88D-3D4D-45EF-AEA4-735406D269FB}.Debug|Any CPU.Build.0 = Debug|Any CPU
		{C075E88D-3D4D-45EF-AEA4-735406D269FB}.Release|Any CPU.ActiveCfg = Release|Any CPU
		{C075E88D-3D4D-45EF-AEA4-735406D269FB}.Release|Any CPU.Build.0 = Release|Any CPU
		{982DE38E-9B47-4790-A732-2A33EA6678F0}.Debug|Any CPU.ActiveCfg = Debug|Any CPU
		{982DE38E-9B47-4790-A732-2A33EA6678F0}.Debug|Any CPU.Build.0 = Debug|Any CPU
		{982DE38E-9B47-4790-A732-2A33EA6678F0}.Release|Any CPU.ActiveCfg = Release|Any CPU
		{982DE38E-9B47-4790-A732-2A33EA6678F0}.Release|Any CPU.Build.0 = Release|Any CPU
		{5B53159E-4222-4673-A93B-87B6D09094DD}.Debug|Any CPU.ActiveCfg = Debug|Any CPU
		{5B53159E-4222-4673-A93B-87B6D09094DD}.Debug|Any CPU.Build.0 = Debug|Any CPU
		{5B53159E-4222-4673-A93B-87B6D09094DD}.Release|Any CPU.ActiveCfg = Release|Any CPU
		{5B53159E-4222-4673-A93B-87B6D09094DD}.Release|Any CPU.Build.0 = Release|Any CPU
	EndGlobalSection
	GlobalSection(SolutionProperties) = preSolution
		HideSolutionNode = FALSE
	EndGlobalSection
	GlobalSection(ExtensibilityGlobals) = postSolution
		SolutionGuid = {597183B8-7BD5-464C-80EA-640CF044A877}
	EndGlobalSection
EndGlobal
